// !$*UTF8*$!
{
	archiveVersion = 1;
	classes = {
	};
	objectVersion = 48;
	objects = {

/* Begin PBXBuildFile section */
		3D2289082028FE010074D173 /* AppDelegate.swift in Sources */ = {isa = PBXBuildFile; fileRef = 3D2289072028FE010074D173 /* AppDelegate.swift */; };
		3D22890A2028FE010074D173 /* FirstViewController.swift in Sources */ = {isa = PBXBuildFile; fileRef = 3D2289092028FE010074D173 /* FirstViewController.swift */; };
		3D22890C2028FE010074D173 /* SecondViewController.swift in Sources */ = {isa = PBXBuildFile; fileRef = 3D22890B2028FE010074D173 /* SecondViewController.swift */; };
		3D22890F2028FE010074D173 /* Main.storyboard in Resources */ = {isa = PBXBuildFile; fileRef = 3D22890D2028FE010074D173 /* Main.storyboard */; };
		3D2289112028FE010074D173 /* Assets.xcassets in Resources */ = {isa = PBXBuildFile; fileRef = 3D2289102028FE010074D173 /* Assets.xcassets */; };
		3D2289142028FE010074D173 /* LaunchScreen.storyboard in Resources */ = {isa = PBXBuildFile; fileRef = 3D2289122028FE010074D173 /* LaunchScreen.storyboard */; };
		3D22891F2028FE010074D173 /* MovieWandererTests.swift in Sources */ = {isa = PBXBuildFile; fileRef = 3D22891E2028FE010074D173 /* MovieWandererTests.swift */; };
/* End PBXBuildFile section */

/* Begin PBXContainerItemProxy section */
		3D22891B2028FE010074D173 /* PBXContainerItemProxy */ = {
			isa = PBXContainerItemProxy;
			containerPortal = 3D2288FC2028FE010074D173 /* Project object */;
			proxyType = 1;
			remoteGlobalIDString = 3D2289032028FE010074D173;
			remoteInfo = MovieWanderer;
		};
/* End PBXContainerItemProxy section */

/* Begin PBXFileReference section */
		3D2289042028FE010074D173 /* MovieWanderer.app */ = {isa = PBXFileReference; explicitFileType = wrapper.application; includeInIndex = 0; path = MovieWanderer.app; sourceTree = BUILT_PRODUCTS_DIR; };
		3D2289072028FE010074D173 /* AppDelegate.swift */ = {isa = PBXFileReference; lastKnownFileType = sourcecode.swift; path = AppDelegate.swift; sourceTree = "<group>"; };
		3D2289092028FE010074D173 /* FirstViewController.swift */ = {isa = PBXFileReference; lastKnownFileType = sourcecode.swift; path = FirstViewController.swift; sourceTree = "<group>"; };
		3D22890B2028FE010074D173 /* SecondViewController.swift */ = {isa = PBXFileReference; lastKnownFileType = sourcecode.swift; path = SecondViewController.swift; sourceTree = "<group>"; };
		3D22890E2028FE010074D173 /* Base */ = {isa = PBXFileReference; lastKnownFileType = file.storyboard; name = Base; path = Base.lproj/Main.storyboard; sourceTree = "<group>"; };
		3D2289102028FE010074D173 /* Assets.xcassets */ = {isa = PBXFileReference; lastKnownFileType = folder.assetcatalog; path = Assets.xcassets; sourceTree = "<group>"; };
		3D2289132028FE010074D173 /* Base */ = {isa = PBXFileReference; lastKnownFileType = file.storyboard; name = Base; path = Base.lproj/LaunchScreen.storyboard; sourceTree = "<group>"; };
		3D2289152028FE010074D173 /* Info.plist */ = {isa = PBXFileReference; lastKnownFileType = text.plist.xml; path = Info.plist; sourceTree = "<group>"; };
		3D22891A2028FE010074D173 /* MovieWandererTests.xctest */ = {isa = PBXFileReference; explicitFileType = wrapper.cfbundle; includeInIndex = 0; path = MovieWandererTests.xctest; sourceTree = BUILT_PRODUCTS_DIR; };
		3D22891E2028FE010074D173 /* MovieWandererTests.swift */ = {isa = PBXFileReference; lastKnownFileType = sourcecode.swift; path = MovieWandererTests.swift; sourceTree = "<group>"; };
		3D2289202028FE010074D173 /* Info.plist */ = {isa = PBXFileReference; lastKnownFileType = text.plist.xml; path = Info.plist; sourceTree = "<group>"; };
/* End PBXFileReference section */

/* Begin PBXFrameworksBuildPhase section */
		3D2289012028FE010074D173 /* Frameworks */ = {
			isa = PBXFrameworksBuildPhase;
			buildActionMask = 2147483647;
			files = (
			);
			runOnlyForDeploymentPostprocessing = 0;
		};
		3D2289172028FE010074D173 /* Frameworks */ = {
			isa = PBXFrameworksBuildPhase;
			buildActionMask = 2147483647;
			files = (
			);
			runOnlyForDeploymentPostprocessing = 0;
		};
/* End PBXFrameworksBuildPhase section */

/* Begin PBXGroup section */
		3D2288FB2028FE010074D173 = {
			isa = PBXGroup;
			children = (
				3D2289062028FE010074D173 /* MovieWanderer */,
				3D22891D2028FE010074D173 /* MovieWandererTests */,
				3D2289052028FE010074D173 /* Products */,
			);
			sourceTree = "<group>";
		};
		3D2289052028FE010074D173 /* Products */ = {
			isa = PBXGroup;
			children = (
				3D2289042028FE010074D173 /* MovieWanderer.app */,
				3D22891A2028FE010074D173 /* MovieWandererTests.xctest */,
			);
			name = Products;
			sourceTree = "<group>";
		};
		3D2289062028FE010074D173 /* MovieWanderer */ = {
			isa = PBXGroup;
			children = (
				3D2289072028FE010074D173 /* AppDelegate.swift */,
				3D2289092028FE010074D173 /* FirstViewController.swift */,
				3D22890B2028FE010074D173 /* SecondViewController.swift */,
				3D22890D2028FE010074D173 /* Main.storyboard */,
				3D2289102028FE010074D173 /* Assets.xcassets */,
				3D2289122028FE010074D173 /* LaunchScreen.storyboard */,
				3D2289152028FE010074D173 /* Info.plist */,
			);
			path = MovieWanderer;
			sourceTree = "<group>";
		};
		3D22891D2028FE010074D173 /* MovieWandererTests */ = {
			isa = PBXGroup;
			children = (
				3D22891E2028FE010074D173 /* MovieWandererTests.swift */,
				3D2289202028FE010074D173 /* Info.plist */,
			);
			path = MovieWandererTests;
			sourceTree = "<group>";
		};
/* End PBXGroup section */

/* Begin PBXNativeTarget section */
		3D2289032028FE010074D173 /* MovieWanderer */ = {
			isa = PBXNativeTarget;
			buildConfigurationList = 3D2289232028FE010074D173 /* Build configuration list for PBXNativeTarget "MovieWanderer" */;
			buildPhases = (
				3D2289002028FE010074D173 /* Sources */,
				3D2289012028FE010074D173 /* Frameworks */,
				3D2289022028FE010074D173 /* Resources */,
			);
			buildRules = (
			);
			dependencies = (
			);
			name = MovieWanderer;
			productName = MovieWanderer;
			productReference = 3D2289042028FE010074D173 /* MovieWanderer.app */;
			productType = "com.apple.product-type.application";
		};
		3D2289192028FE010074D173 /* MovieWandererTests */ = {
			isa = PBXNativeTarget;
			buildConfigurationList = 3D2289262028FE010074D173 /* Build configuration list for PBXNativeTarget "MovieWandererTests" */;
			buildPhases = (
				3D2289162028FE010074D173 /* Sources */,
				3D2289172028FE010074D173 /* Frameworks */,
				3D2289182028FE010074D173 /* Resources */,
			);
			buildRules = (
			);
			dependencies = (
				3D22891C2028FE010074D173 /* PBXTargetDependency */,
			);
			name = MovieWandererTests;
			productName = MovieWandererTests;
			productReference = 3D22891A2028FE010074D173 /* MovieWandererTests.xctest */;
			productType = "com.apple.product-type.bundle.unit-test";
		};
/* End PBXNativeTarget section */

/* Begin PBXProject section */
		3D2288FC2028FE010074D173 /* Project object */ = {
			isa = PBXProject;
			attributes = {
				LastSwiftUpdateCheck = 0920;
				LastUpgradeCheck = 0920;
				ORGANIZATIONNAME = "Silvia Kuzmova";
				TargetAttributes = {
					3D2289032028FE010074D173 = {
						CreatedOnToolsVersion = 9.2;
						ProvisioningStyle = Automatic;
					};
					3D2289192028FE010074D173 = {
						CreatedOnToolsVersion = 9.2;
						ProvisioningStyle = Automatic;
						TestTargetID = 3D2289032028FE010074D173;
					};
				};
			};
			buildConfigurationList = 3D2288FF2028FE010074D173 /* Build configuration list for PBXProject "MovieWanderer" */;
			compatibilityVersion = "Xcode 8.0";
			developmentRegion = en;
			hasScannedForEncodings = 0;
			knownRegions = (
				en,
				Base,
			);
			mainGroup = 3D2288FB2028FE010074D173;
			productRefGroup = 3D2289052028FE010074D173 /* Products */;
			projectDirPath = "";
			projectRoot = "";
			targets = (
				3D2289032028FE010074D173 /* MovieWanderer */,
				3D2289192028FE010074D173 /* MovieWandererTests */,
			);
		};
/* End PBXProject section */

/* Begin PBXResourcesBuildPhase section */
		3D2289022028FE010074D173 /* Resources */ = {
			isa = PBXResourcesBuildPhase;
			buildActionMask = 2147483647;
			files = (
				3D2289142028FE010074D173 /* LaunchScreen.storyboard in Resources */,
				3D2289112028FE010074D173 /* Assets.xcassets in Resources */,
				3D22890F2028FE010074D173 /* Main.storyboard in Resources */,
			);
			runOnlyForDeploymentPostprocessing = 0;
		};
		3D2289182028FE010074D173 /* Resources */ = {
			isa = PBXResourcesBuildPhase;
			buildActionMask = 2147483647;
			files = (
			);
			runOnlyForDeploymentPostprocessing = 0;
		};
/* End PBXResourcesBuildPhase section */

/* Begin PBXSourcesBuildPhase section */
		3D2289002028FE010074D173 /* Sources */ = {
			isa = PBXSourcesBuildPhase;
			buildActionMask = 2147483647;
			files = (
				3D22890C2028FE010074D173 /* SecondViewController.swift in Sources */,
				3D2289082028FE010074D173 /* AppDelegate.swift in Sources */,
				3D22890A2028FE010074D173 /* FirstViewController.swift in Sources */,
			);
			runOnlyForDeploymentPostprocessing = 0;
		};
		3D2289162028FE010074D173 /* Sources */ = {
			isa = PBXSourcesBuildPhase;
			buildActionMask = 2147483647;
			files = (
				3D22891F2028FE010074D173 /* MovieWandererTests.swift in Sources */,
			);
			runOnlyForDeploymentPostprocessing = 0;
		};
/* End PBXSourcesBuildPhase section */

/* Begin PBXTargetDependency section */
		3D22891C2028FE010074D173 /* PBXTargetDependency */ = {
			isa = PBXTargetDependency;
			target = 3D2289032028FE010074D173 /* MovieWanderer */;
			targetProxy = 3D22891B2028FE010074D173 /* PBXContainerItemProxy */;
		};
/* End PBXTargetDependency section */

/* Begin PBXVariantGroup section */
		3D22890D2028FE010074D173 /* Main.storyboard */ = {
			isa = PBXVariantGroup;
			children = (
				3D22890E2028FE010074D173 /* Base */,
			);
			name = Main.storyboard;
			sourceTree = "<group>";
		};
		3D2289122028FE010074D173 /* LaunchScreen.storyboard */ = {
			isa = PBXVariantGroup;
			children = (
				3D2289132028FE010074D173 /* Base */,
			);
			name = LaunchScreen.storyboard;
			sourceTree = "<group>";
		};
/* End PBXVariantGroup section */

/* Begin XCBuildConfiguration section */
		3D2289212028FE010074D173 /* Debug */ = {
			isa = XCBuildConfiguration;
			buildSettings = {
				ALWAYS_SEARCH_USER_PATHS = NO;
				CLANG_ANALYZER_NONNULL = YES;
				CLANG_ANALYZER_NUMBER_OBJECT_CONVERSION = YES_AGGRESSIVE;
				CLANG_CXX_LANGUAGE_STANDARD = "gnu++14";
				CLANG_CXX_LIBRARY = "libc++";
				CLANG_ENABLE_MODULES = YES;
				CLANG_ENABLE_OBJC_ARC = YES;
				CLANG_WARN_BLOCK_CAPTURE_AUTORELEASING = YES;
				CLANG_WARN_BOOL_CONVERSION = YES;
				CLANG_WARN_COMMA = YES;
				CLANG_WARN_CONSTANT_CONVERSION = YES;
				CLANG_WARN_DIRECT_OBJC_ISA_USAGE = YES_ERROR;
				CLANG_WARN_DOCUMENTATION_COMMENTS = YES;
				CLANG_WARN_EMPTY_BODY = YES;
				CLANG_WARN_ENUM_CONVERSION = YES;
				CLANG_WARN_INFINITE_RECURSION = YES;
				CLANG_WARN_INT_CONVERSION = YES;
				CLANG_WARN_NON_LITERAL_NULL_CONVERSION = YES;
				CLANG_WARN_OBJC_LITERAL_CONVERSION = YES;
				CLANG_WARN_OBJC_ROOT_CLASS = YES_ERROR;
				CLANG_WARN_RANGE_LOOP_ANALYSIS = YES;
				CLANG_WARN_STRICT_PROTOTYPES = YES;
				CLANG_WARN_SUSPICIOUS_MOVE = YES;
				CLANG_WARN_UNGUARDED_AVAILABILITY = YES_AGGRESSIVE;
				CLANG_WARN_UNREACHABLE_CODE = YES;
				CLANG_WARN__DUPLICATE_METHOD_MATCH = YES;
				CODE_SIGN_IDENTITY = "iPhone Developer";
				COPY_PHASE_STRIP = NO;
				DEBUG_INFORMATION_FORMAT = dwarf;
				ENABLE_STRICT_OBJC_MSGSEND = YES;
				ENABLE_TESTABILITY = YES;
				GCC_C_LANGUAGE_STANDARD = gnu11;
				GCC_DYNAMIC_NO_PIC = NO;
				GCC_NO_COMMON_BLOCKS = YES;
				GCC_OPTIMIZATION_LEVEL = 0;
				GCC_PREPROCESSOR_DEFINITIONS = (
					"DEBUG=1",
					"$(inherited)",
				);
				GCC_WARN_64_TO_32_BIT_CONVERSION = YES;
				GCC_WARN_ABOUT_RETURN_TYPE = YES_ERROR;
				GCC_WARN_UNDECLARED_SELECTOR = YES;
				GCC_WARN_UNINITIALIZED_AUTOS = YES_AGGRESSIVE;
				GCC_WARN_UNUSED_FUNCTION = YES;
				GCC_WARN_UNUSED_VARIABLE = YES;
				IPHONEOS_DEPLOYMENT_TARGET = 11.2;
				MTL_ENABLE_DEBUG_INFO = YES;
				ONLY_ACTIVE_ARCH = YES;
				SDKROOT = iphoneos;
				SWIFT_ACTIVE_COMPILATION_CONDITIONS = DEBUG;
				SWIFT_OPTIMIZATION_LEVEL = "-Onone";
			};
			name = Debug;
		};
		3D2289222028FE010074D173 /* Release */ = {
			isa = XCBuildConfiguration;
			buildSettings = {
				ALWAYS_SEARCH_USER_PATHS = NO;
				CLANG_ANALYZER_NONNULL = YES;
				CLANG_ANALYZER_NUMBER_OBJECT_CONVERSION = YES_AGGRESSIVE;
				CLANG_CXX_LANGUAGE_STANDARD = "gnu++14";
				CLANG_CXX_LIBRARY = "libc++";
				CLANG_ENABLE_MODULES = YES;
				CLANG_ENABLE_OBJC_ARC = YES;
				CLANG_WARN_BLOCK_CAPTURE_AUTORELEASING = YES;
				CLANG_WARN_BOOL_CONVERSION = YES;
				CLANG_WARN_COMMA = YES;
				CLANG_WARN_CONSTANT_CONVERSION = YES;
				CLANG_WARN_DIRECT_OBJC_ISA_USAGE = YES_ERROR;
				CLANG_WARN_DOCUMENTATION_COMMENTS = YES;
				CLANG_WARN_EMPTY_BODY = YES;
				CLANG_WARN_ENUM_CONVERSION = YES;
				CLANG_WARN_INFINITE_RECURSION = YES;
				CLANG_WARN_INT_CONVERSION = YES;
				CLANG_WARN_NON_LITERAL_NULL_CONVERSION = YES;
				CLANG_WARN_OBJC_LITERAL_CONVERSION = YES;
				CLANG_WARN_OBJC_ROOT_CLASS = YES_ERROR;
				CLANG_WARN_RANGE_LOOP_ANALYSIS = YES;
				CLANG_WARN_STRICT_PROTOTYPES = YES;
				CLANG_WARN_SUSPICIOUS_MOVE = YES;
				CLANG_WARN_UNGUARDED_AVAILABILITY = YES_AGGRESSIVE;
				CLANG_WARN_UNREACHABLE_CODE = YES;
				CLANG_WARN__DUPLICATE_METHOD_MATCH = YES;
				CODE_SIGN_IDENTITY = "iPhone Developer";
				COPY_PHASE_STRIP = NO;
				DEBUG_INFORMATION_FORMAT = "dwarf-with-dsym";
				ENABLE_NS_ASSERTIONS = NO;
				ENABLE_STRICT_OBJC_MSGSEND = YES;
				GCC_C_LANGUAGE_STANDARD = gnu11;
				GCC_NO_COMMON_BLOCKS = YES;
				GCC_WARN_64_TO_32_BIT_CONVERSION = YES;
				GCC_WARN_ABOUT_RETURN_TYPE = YES_ERROR;
				GCC_WARN_UNDECLARED_SELECTOR = YES;
				GCC_WARN_UNINITIALIZED_AUTOS = YES_AGGRESSIVE;
				GCC_WARN_UNUSED_FUNCTION = YES;
				GCC_WARN_UNUSED_VARIABLE = YES;
				IPHONEOS_DEPLOYMENT_TARGET = 11.2;
				MTL_ENABLE_DEBUG_INFO = NO;
				SDKROOT = iphoneos;
				SWIFT_OPTIMIZATION_LEVEL = "-Owholemodule";
				VALIDATE_PRODUCT = YES;
			};
			name = Release;
		};
		3D2289242028FE010074D173 /* Debug */ = {
			isa = XCBuildConfiguration;
			buildSettings = {
				ASSETCATALOG_COMPILER_APPICON_NAME = AppIcon;
				CODE_SIGN_STYLE = Automatic;
				INFOPLIST_FILE = MovieWanderer/Info.plist;
				LD_RUNPATH_SEARCH_PATHS = "$(inherited) @executable_path/Frameworks";
				PRODUCT_BUNDLE_IDENTIFIER = silvi.MovieWanderer;
				PRODUCT_NAME = "$(TARGET_NAME)";
				SWIFT_VERSION = 4.0;
				TARGETED_DEVICE_FAMILY = "1,2";
			};
			name = Debug;
		};
		3D2289252028FE010074D173 /* Release */ = {
			isa = XCBuildConfiguration;
			buildSettings = {
				ASSETCATALOG_COMPILER_APPICON_NAME = AppIcon;
				CODE_SIGN_STYLE = Automatic;
				INFOPLIST_FILE = MovieWanderer/Info.plist;
				LD_RUNPATH_SEARCH_PATHS = "$(inherited) @executable_path/Frameworks";
				PRODUCT_BUNDLE_IDENTIFIER = silvi.MovieWanderer;
				PRODUCT_NAME = "$(TARGET_NAME)";
				SWIFT_VERSION = 4.0;
				TARGETED_DEVICE_FAMILY = "1,2";
			};
			name = Release;
		};
		3D2289272028FE010074D173 /* Debug */ = {
			isa = XCBuildConfiguration;
			buildSettings = {
				ALWAYS_EMBED_SWIFT_STANDARD_LIBRARIES = YES;
				BUNDLE_LOADER = "$(TEST_HOST)";
				CODE_SIGN_STYLE = Automatic;
				INFOPLIST_FILE = MovieWandererTests/Info.plist;
				LD_RUNPATH_SEARCH_PATHS = "$(inherited) @executable_path/Frameworks @loader_path/Frameworks";
				PRODUCT_BUNDLE_IDENTIFIER = silvi.MovieWandererTests;
				PRODUCT_NAME = "$(TARGET_NAME)";
				SWIFT_VERSION = 4.0;
				TARGETED_DEVICE_FAMILY = "1,2";
				TEST_HOST = "$(BUILT_PRODUCTS_DIR)/MovieWanderer.app/MovieWanderer";
			};
			name = Debug;
		};
		3D2289282028FE010074D173 /* Release */ = {
			isa = XCBuildConfiguration;
			buildSettings = {
				ALWAYS_EMBED_SWIFT_STANDARD_LIBRARIES = YES;
				BUNDLE_LOADER = "$(TEST_HOST)";
				CODE_SIGN_STYLE = Automatic;
				INFOPLIST_FILE = MovieWandererTests/Info.plist;
				LD_RUNPATH_SEARCH_PATHS = "$(inherited) @executable_path/Frameworks @loader_path/Frameworks";
				PRODUCT_BUNDLE_IDENTIFIER = silvi.MovieWandererTests;
				PRODUCT_NAME = "$(TARGET_NAME)";
				SWIFT_VERSION = 4.0;
				TARGETED_DEVICE_FAMILY = "1,2";
				TEST_HOST = "$(BUILT_PRODUCTS_DIR)/MovieWanderer.app/MovieWanderer";
			};
			name = Release;
		};
/* End XCBuildConfiguration section */

/* Begin XCConfigurationList section */
		3D2288FF2028FE010074D173 /* Build configuration list for PBXProject "MovieWanderer" */ = {
			isa = XCConfigurationList;
			buildConfigurations = (
				3D2289212028FE010074D173 /* Debug */,
				3D2289222028FE010074D173 /* Release */,
			);
			defaultConfigurationIsVisible = 0;
			defaultConfigurationName = Release;
		};
		3D2289232028FE010074D173 /* Build configuration list for PBXNativeTarget "MovieWanderer" */ = {
			isa = XCConfigurationList;
			buildConfigurations = (
				3D2289242028FE010074D173 /* Debug */,
				3D2289252028FE010074D173 /* Release */,
			);
			defaultConfigurationIsVisible = 0;
			defaultConfigurationName = Release;
		};
		3D2289262028FE010074D173 /* Build configuration list for PBXNativeTarget "MovieWandererTests" */ = {
			isa = XCConfigurationList;
			buildConfigurations = (
				3D2289272028FE010074D173 /* Debug */,
				3D2289282028FE010074D173 /* Release */,
			);
			defaultConfigurationIsVisible = 0;
			defaultConfigurationName = Release;
		};
/* End XCConfigurationList section */
	};
	rootObject = 3D2288FC2028FE010074D173 /* Project object */;
}
