PODS:
  - MapKitGoogleStyler (0.1.1)
  - RxBlocking (4.2.0):
    - RxSwift (~> 4.0)
  - RxCocoa (4.2.0):
    - RxSwift (~> 4.0)
  - RxSwift (4.2.0)
  - RxTest (4.2.0):
    - RxSwift (~> 4.0)
  - SnapKit (4.0.0)

DEPENDENCIES:
  - MapKitGoogleStyler
  - RxBlocking (~> 4.0)
  - RxCocoa (~> 4.0)
  - RxSwift (~> 4.0)
  - RxTest (~> 4.0)
  - SnapKit (~> 4.0.0)

SPEC CHECKSUMS:
  MapKitGoogleStyler: 8efdceb664fc1748a62a9e3b50a34b67a34247bc
  RxBlocking: e339d8a6e752e25ade95ff858466c55436668f59
  RxCocoa: 0b54909c902e1e581212a03e690bbd94032d8baa
  RxSwift: 99e10317ddfcc7fbe01356aafd118fde4a0be104
  RxTest: 8da864c0ee47534f586ff18fb0c7e5b2f1fe5023
  SnapKit: a42d492c16e80209130a3379f73596c3454b7694

PODFILE CHECKSUM: a8e380d034d748ca3269572d5eca4359011967a4

COCOAPODS: 1.4.0
