PODS:
  - Alamofire (4.8.2)
  - FSPagerView (0.8.2)
  - Kingfisher (5.3.1)
  - Moya/Core (13.0.0):
    - Alamofire (~> 4.1)
    - Result (~> 4.1)
  - Moya/RxSwift (13.0.0):
    - Moya/Core
    - RxSwift (~> 4.0)
  - Result (4.1.0)
  - RxBlocking (4.5.0):
    - RxSwift (>= 4.4.2, ~> 4.4)
  - RxCocoa (4.5.0):
    - RxSwift (>= 4.4.2, ~> 4.4)
  - RxGesture (2.2.0):
    - RxCocoa (~> 4.5)
    - RxSwift (~> 4.5)
  - RxSwift (4.5.0)
  - RxTest (4.5.0):
    - RxSwift (>= 4.4.2, ~> 4.4)
  - SkeletonView (1.4.2)
  - SnapKit (4.2.0)

DEPENDENCIES:
  - Alamofire (~> 4.8)
  - FSPagerView
  - Kingfisher (~> 5.0)
  - Moya/RxSwift (~> 13.0.0)
  - RxBlocking (~> 4.0)
  - RxCocoa (~> 4.5)
  - RxGesture (~> 2.2)
  - RxSwift (~> 4.5)
  - RxTest (~> 4.0)
  - SkeletonView
  - SnapKit (from `https://github.com/akivlis/SnapKit.git`, branch `develop`)

SPEC REPOS:
  https://github.com/cocoapods/specs.git:
    - Alamofire
    - FSPagerView
    - Kingfisher
    - Moya
    - Result
    - RxBlocking
    - RxCocoa
    - RxGesture
    - RxSwift
    - RxTest
    - SkeletonView

EXTERNAL SOURCES:
  SnapKit:
    :branch: develop
    :git: https://github.com/akivlis/SnapKit.git

CHECKOUT OPTIONS:
  SnapKit:
    :commit: eea05d74f073696202cd0bb8e744e4c89781a414
    :git: https://github.com/akivlis/SnapKit.git

SPEC CHECKSUMS:
  Alamofire: ae5c501addb7afdbb13687d7f2f722c78734c2d3
  FSPagerView: 816a18842306973cc7cc6df8a5332272f7815c30
  Kingfisher: d9e7e0b209b59b8f9873aa2f37654e81a7beea51
  Moya: 161263550064ff8a4948e8ff63137fd72a876292
  Result: bd966fac789cc6c1563440b348ab2598cc24d5c7
  RxBlocking: 79413e4d916f44bb3e113c5b2cc059e36fe58910
  RxCocoa: cbf70265dc65a981d4ac982e513c10cf23df24a0
  RxGesture: c1b7bf17166b0ef9d642a9510f8bac5785f18990
  RxSwift: f172070dfd1a93d70a9ab97a5a01166206e1c575
  RxTest: 3ccb66bfbace0bf7df1c43a7c75d046f8ce60372
  SkeletonView: c2523c3c8c6510e273e49a3bf364a434744c3914
  SnapKit: ae1cdee794f6a7b8e909092c5244a79b9d1c9e26

PODFILE CHECKSUM: 9b6ca51ebbf6c6b0f76360fc2c907913f290c36d

COCOAPODS: 1.6.1
